dependencies:
  debsahu/espidf-nats:
    component_hash: 4af088f8dcfa912e22ca1112f62410482fa90be7eb9d2e88b6b80d22cf6201ca
    dependencies:
    - name: espressif/cjson
      registry_url: https://components.espressif.com
      require: public
      rules:
      - if: idf_version >= 6.0.0
      version: '>=1.7.18'
    - name: espressif/esp_websocket_client
      registry_url: https://components.espressif.com
      require: private
      version: '>=1.0.0'
    - name: idf
      require: private
      version: '>=4.4'
    source:
      registry_url: https://components.espressif.com/
      type: service
    version: 1.4.0
  espressif/cjson:
    component_hash: e788323270d90738662d66fffa910bfe1fba019bba087f01557e70c40485b469
    dependencies:
    - name: idf
      require: private
      version: '>=5.0'
    source:
      registry_url: https://components.espressif.com/
      type: service
    version: 1.7.19~2
  espressif/esp_websocket_client:
    component_hash: dc00233af846f3a744ada283a300e0d586040aadc3ee67361645ecdce4523672
    dependencies:
    - name: idf
      require: private
      version: '>=5.0'
    source:
      registry_url: https://components.espressif.com
      type: service
    version: 1.8.0
  espressif/libsodium:
    component_hash: d4066b373fc6d4c5196db42aeea7faef4ac7f3080af96c2b74e2476c08b78dc1
    dependencies:
    - name: idf
      require: private
      version: '>=4.2'
    source:
      registry_url: https://components.espressif.com/
      type: service
    version: 1.0.22~1
  espressif/usb:
    component_hash: 6c2cff118141dbbca181d0d27d71801fdddfc78f7ac03ae43f6e5a8cbd89cb99
    dependencies:
    - name: idf
      require: private
      version: '>=5.5.3'
    source:
      registry_url: https://components.espressif.com/
      type: service
    targets:
    - esp32s2
    - esp32s3
    - esp32s31
    - esp32p4
    - esp32h4
    - linux
    version: 1.5.0
  idf:
    source:
      type: idf
    version: 6.0.2
direct_dependencies:
- debsahu/espidf-nats
- espressif/cjson
- espressif/libsodium
- espressif/usb
- idf
manifest_hash: 752c7e4871f8168fae971fbf513d24fee7263f91da90e7eb9f678efcbfaafc78
target: esp32s3
version: 3.0.0
