dependencies:
  debsahu/espidf-nats:
    component_hash: 4af088f8dcfa912e22ca1112f62410482fa90be7eb9d2e88b6b80d22cf6201ca
    dependencies:
    - name: espressif/cjson
      registry_url: https://components.espressif.com
      require: public
      rules:
      - if: idf_version >= 6.0.0
      version: '>=1.7.18'
    - name: espressif/esp_websocket_client
      registry_url: https://components.espressif.com
      require: private
      version: '>=1.0.0'
    - name: idf
      require: private
      version: '>=4.4'
    source:
      registry_url: https://components.espressif.com/
      type: service
    version: 1.4.0
  espressif/cjson:
    component_hash: e788323270d90738662d66fffa910bfe1fba019bba087f01557e70c40485b469
    dependencies:
    - name: idf
      require: private
      version: '>=5.0'
    source:
      registry_url: https://components.espressif.com/
      type: service
    version: 1.7.19~2
  espressif/cmake_utilities:
    component_hash: 351350613ceafba240b761b4ea991e0f231ac7a9f59a9ee901f751bddc0bb18f
    dependencies:
    - name: idf
      require: private
      version: '>=4.1'
    source:
      registry_url: https://components.espressif.com
      type: service
    version: 0.5.3
  espressif/esp_lcd_sh8601:
    component_hash: 18245cd23204eefb67f61b362405f78364fa13b13cdedda5f7546d89701c506b
    dependencies:
    - name: espressif/cmake_utilities
      registry_url: https://components.espressif.com
      require: private
      version: 0.*
    - name: idf
      require: private
      version: '>=5.3'
    source:
      registry_url: https://components.espressif.com/
      type: service
    version: 2.0.1~1
  espressif/esp_lcd_touch:
    component_hash: 3f85a7d95af876f1a6ecca8eb90a81614890d0f03a038390804e5a77e2caf862
    dependencies:
    - name: idf
      require: private
      version: '>=4.4.2'
    source:
      registry_url: https://components.espressif.com
      type: service
    version: 1.2.1
  espressif/esp_lvgl_port:
    component_hash: d3c020b45c3dfc0d1706a83b63a1c34a6eb444a6e935f9afff79f92b7b94dcef
    dependencies:
    - name: idf
      require: private
      version: '>=5.2'
    - name: lvgl/lvgl
      registry_url: https://components.espressif.com
      require: public
      version: '>=8,<10'
    source:
      registry_url: https://components.espressif.com/
      type: service
    version: 2.9.0
  espressif/esp_websocket_client:
    component_hash: dc00233af846f3a744ada283a300e0d586040aadc3ee67361645ecdce4523672
    dependencies:
    - name: idf
      require: private
      version: '>=5.0'
    source:
      registry_url: https://components.espressif.com
      type: service
    version: 1.8.0
  espressif/libsodium:
    component_hash: d4066b373fc6d4c5196db42aeea7faef4ac7f3080af96c2b74e2476c08b78dc1
    dependencies:
    - name: idf
      require: private
      version: '>=4.2'
    source:
      registry_url: https://components.espressif.com/
      type: service
    version: 1.0.22~1
  idf:
    source:
      type: idf
    version: 6.0.2
  lvgl/lvgl:
    component_hash: 17e68bfd21f0edf4c3ee838e2273da840bf3930e5dbc3bfa6c1190c3aed41f9f
    dependencies: []
    source:
      registry_url: https://components.espressif.com/
      type: service
    version: 9.4.0
  waveshare/esp_lcd_touch_cst9217:
    component_hash: 27a00845832b7987cacf4c4125cbed5415d940987583065b01870ac080930856
    dependencies:
    - name: espressif/esp_lcd_touch
      registry_url: https://components.espressif.com
      require: public
      version: ^1.1.0
    - name: idf
      require: private
      version: '>=4.4.2'
    source:
      registry_url: https://components.espressif.com/
      type: service
    version: 1.0.4
direct_dependencies:
- debsahu/espidf-nats
- espressif/cjson
- espressif/esp_lcd_sh8601
- espressif/esp_lvgl_port
- espressif/libsodium
- idf
- lvgl/lvgl
- waveshare/esp_lcd_touch_cst9217
manifest_hash: 4d638bba7001e7ca2393f25a11a5c9d19ef109d88b0b2a7ecb177eb227299210
target: esp32c6
version: 3.0.0
